# This file is autogenerated, do not edit; changes may be undone by the next 'dep ensure'.


[[projects]]
  digest = "1:5ad08b0e14866764a6d7475eb11c9cf05cad9a52c442593bdfa544703ff77f61"
  name = "cloud.google.com/go"
  packages = ["compute/metadata"]
  pruneopts = "NUT"
  revision = "0ebda48a7f143b1cce9eb37a8c1106ac762a3430"
  version = "v0.34.0"

[[projects]]
  branch = "master"
  digest = "1:2b23c176460b7b078aeffc44d97515e13d7aa5857c1c2768b3e3defc0397626e"
  name = "github.com/antihax/optional"
  packages = ["."]
  pruneopts = "NUT"
  revision = "ca021399b1a6796ecb758292c6311ce0b28857fc"

[[projects]]
  branch = "master"
  digest = "1:ade392a843b2035effb4b4a2efa2c3bab3eb29b992e98bacf9c898b0ecb54e45"
  name = "github.com/fatih/color"
  packages = ["."]
  pruneopts = "NUT"
  revision = "3f9d52f7176a6927daacff70a3e8d1dc2025c53e"

[[projects]]
  branch = "master"
  digest = "1:0b86d0877c1b5a5d518f5bb51d7a27878f0c2a1e05dd96ab8790dee49d4eb5bf"
  name = "github.com/ghodss/yaml"
  packages = ["."]
  pruneopts = "NUT"
  revision = "c7ce16629ff4cd059ed96ed06419dd3856fd3577"

[[projects]]
  digest = "1:97df918963298c287643883209a2c3f642e6593379f97ab400c2a2e219ab647d"
  name = "github.com/golang/protobuf"
  packages = ["proto"]
  pruneopts = "NUT"
  revision = "aa810b61a9c79d51363740d207bb46cf8e620ed5"
  version = "v1.2.0"

[[projects]]
  branch = "master"
  digest = "1:223930d9167ddfe6588371dfe80931c2885487e4dfbf443783e30d8cee24841e"
  name = "github.com/google/go-cmp"
  packages = [
    "cmp",
    "cmp/internal/diff",
    "cmp/internal/function",
    "cmp/internal/value",
  ]
  pruneopts = "NUT"
  revision = "2248b49eaa8e1c8c0963ee77b40841adbc19d4ca"

[[projects]]
  digest = "1:406338ad39ab2e37b7f4452906442a3dbf0eb3379dd1f06aafb5c07e769a5fbb"
  name = "github.com/inconshreveable/mousetrap"
  packages = ["."]
  pruneopts = "NUT"
  revision = "76626ae9c91c4f2a10f34cad8ce83ea42c93bb75"
  version = "v1.0"

[[projects]]
  branch = "master"
  digest = "1:24ff4fda4a068a13142cd0eb902ee1138f4cd1071d8ef30dd07984506271c68c"
  name = "github.com/json-iterator/go"
  packages = ["."]
  pruneopts = "NUT"
  revision = "d05f387f50c0c406889b62cb5ec51c76a64d89ee"

[[projects]]
  digest = "1:08c231ec84231a7e23d67e4b58f975e1423695a32467a362ee55a803f9de8061"
  name = "github.com/mattn/go-colorable"
  packages = ["."]
  pruneopts = "NUT"
  revision = "167de6bfdfba052fa6b2d3664c8f5272e23c9072"
  version = "v0.0.9"

[[projects]]
  digest = "1:bffa444ca07c69c599ae5876bc18b25bfd5fa85b297ca10a25594d284a7e9c5d"
  name = "github.com/mattn/go-isatty"
  packages = ["."]
  pruneopts = "NUT"
  revision = "6ca4dbf54d38eea1a992b3c722a76a5d1c4cb25c"
  version = "v0.0.4"

[[projects]]
  branch = "master"
  digest = "1:bd4438946fbb2ab6166918d30722908bb834a793da463635e01320ea8010f655"
  name = "github.com/minio/sha256-simd"
  packages = ["."]
  pruneopts = "NUT"
  revision = "51976451ce1942acbb55707a983ed232fa027110"

[[projects]]
  branch = "master"
  digest = "1:2f42fa12d6911c7b7659738758631bec870b7e9b4c6be5444f963cdcfccc191f"
  name = "github.com/modern-go/concurrent"
  packages = ["."]
  pruneopts = "NUT"
  revision = "bacd9c7ef1dd9b15be4a9909b8ac7a4e313eec94"

[[projects]]
  branch = "master"
  digest = "1:863c7de4bedf8835fb24be7573f9524f6ce6c55e1b1ee4b944895837ad758a09"
  name = "github.com/modern-go/reflect2"
  packages = ["."]
  pruneopts = "NUT"
  revision = "94122c33edd36123c84d5368cfb2b69df93a0ec8"

[[projects]]
  branch = "master"
  digest = "1:75386ee8a7a1b23cef8dc0d18f689834706742fd18c3046b6d7186a4e9c18c37"
  name = "github.com/pkg/errors"
  packages = ["."]
  pruneopts = "NUT"
  revision = "059132a15dd08d6704c67711dae0cf35ab991756"

[[projects]]
  branch = "master"
  digest = "1:25aa47e530aa7450b2a0b177fc6bc30b09248cfbb853788b90d7f8f247f80706"
  name = "github.com/spf13/cobra"
  packages = ["."]
  pruneopts = "NUT"
  revision = "d2d81d9a96e23f0255397222bb0b4e3165e492dc"

[[projects]]
  digest = "1:9d8420bbf131d1618bde6530af37c3799340d3762cc47210c1d9532a4c3a2779"
  name = "github.com/spf13/pflag"
  packages = ["."]
  pruneopts = "NUT"
  revision = "298182f68c66c05229eb03ac171abe6e309ee79a"
  version = "v1.0.3"

[[projects]]
  digest = "1:4813df37133f1c4ab0db4feee0fa3db22560c02ab4a500160b4ced643a775622"
  name = "github.com/zchee/go-open"
  packages = ["."]
  pruneopts = "NUT"
  revision = "7c55f90ec56417e7aabebc2d6c5301e97fc79d87"
  version = "v1.0.0"

[[projects]]
  digest = "1:37a83c5cc07c55375a3cf488a2c9b513536302531b3156cd7c89fa6abaaeab9c"
  name = "github.com/zchee/go-xdgbasedir"
  packages = [
    ".",
    "home",
  ]
  pruneopts = "NUT"
  revision = "b7e1ead582417dcef9ee9e572e9bec94284a7709"
  version = "v1.0.3"

[[projects]]
  digest = "1:22f696cee54865fb8e9ff91df7b633f6b8f22037a8015253c6b6a71ca82219c7"
  name = "go.uber.org/atomic"
  packages = ["."]
  pruneopts = "NUT"
  revision = "1ea20fb1cbb1cc08cbd0d913a96dead89aa18289"
  version = "v1.3.2"

[[projects]]
  branch = "master"
  digest = "1:64e40bae99ad9825b13ed5f294ee921669bb5353e0a429dd5b24cd28af1ae5f2"
  name = "go.uber.org/multierr"
  packages = ["."]
  pruneopts = "NUT"
  revision = "ddea229ff1dff9e6fe8a6c0344ac73b09e81fce5"

[[projects]]
  branch = "master"
  digest = "1:85674ac609b704fd4e9f463553b6ffc3a3527a993ae0ba550eb56beaabdfe094"
  name = "go.uber.org/zap"
  packages = [
    ".",
    "buffer",
    "internal/bufferpool",
    "internal/color",
    "internal/exit",
    "zapcore",
  ]
  pruneopts = "NUT"
  revision = "67bc79d13d155c02fd008f721863ff8cc5f30659"

[[projects]]
  branch = "master"
  digest = "1:accf5f2688ddcfbdc4be68e5e780082afa913d0b28e830a788779144b829d9a6"
  name = "golang.org/x/net"
  packages = [
    "context",
    "context/ctxhttp",
    "idna",
    "publicsuffix",
  ]
  pruneopts = "NUT"
  revision = "e147a9138326bc0e9d4e179541ffd8af41cff8a9"

[[projects]]
  branch = "master"
  digest = "1:5364323a31838682c280a6bae0efe47991de96b9cbfeef4f27b3ca2353eb7ff8"
  name = "golang.org/x/oauth2"
  packages = [
    ".",
    "google",
    "internal",
    "jws",
    "jwt",
  ]
  pruneopts = "NUT"
  revision = "d668ce993890a79bda886613ee587a69dd5da7a6"

[[projects]]
  branch = "master"
  digest = "1:b3d8e7adca811c3cc256a4e14afaecacec48091ac9aca516705ca71d4462add1"
  name = "golang.org/x/sys"
  packages = [
    "unix",
    "windows",
  ]
  pruneopts = "NUT"
  revision = "074acd46bca67915925527c07849494d115e7c43"

[[projects]]
  digest = "1:e7071ed636b5422cc51c0e3a6cebc229d6c9fffc528814b519a980641422d619"
  name = "golang.org/x/text"
  packages = [
    "collate",
    "collate/build",
    "internal/colltab",
    "internal/gen",
    "internal/tag",
    "internal/triegen",
    "internal/ucd",
    "language",
    "secure/bidirule",
    "transform",
    "unicode/bidi",
    "unicode/cldr",
    "unicode/norm",
    "unicode/rangetable",
  ]
  pruneopts = "NUT"
  revision = "f21a4dfb5e38f5895301dc265a8def02365cc3d0"
  version = "v0.3.0"

[[projects]]
  branch = "master"
  digest = "1:e5987f050bfcdd7e99c85a921bb8137080587671f6ef0647bdb1d3b05a7bd9b6"
  name = "google.golang.org/api"
  packages = [
    "gensupport",
    "googleapi",
    "googleapi/internal/uritemplates",
    "oauth2/v2",
  ]
  pruneopts = "NUT"
  revision = "146117f78c63efe78e04021cc321e59fb3c13e50"

[[projects]]
  digest = "1:b63b351b57e64ae8aec1af030dc5e74a2676fcda62102f006ae4411fac1b04c8"
  name = "google.golang.org/appengine"
  packages = [
    ".",
    "internal",
    "internal/app_identity",
    "internal/base",
    "internal/datastore",
    "internal/log",
    "internal/modules",
    "internal/remote_api",
    "internal/urlfetch",
    "urlfetch",
  ]
  pruneopts = "NUT"
  revision = "4a4468ece617fc8205e99368fa2200e9d1fad421"
  version = "v1.3.0"

[[projects]]
  digest = "1:18108594151654e9e696b27b181b953f9a90b16bf14d253dd1b397b025a1487f"
  name = "gopkg.in/yaml.v2"
  packages = ["."]
  pruneopts = "NUT"
  revision = "51d6538a90f86fe93ac480b35f37b2be17fef232"
  version = "v2.2.2"

[solve-meta]
  analyzer-name = "dep"
  analyzer-version = 1
  input-imports = [
    "github.com/antihax/optional",
    "github.com/fatih/color",
    "github.com/ghodss/yaml",
    "github.com/google/go-cmp/cmp",
    "github.com/json-iterator/go",
    "github.com/minio/sha256-simd",
    "github.com/pkg/errors",
    "github.com/spf13/cobra",
    "github.com/spf13/pflag",
    "github.com/zchee/go-open",
    "github.com/zchee/go-xdgbasedir",
    "github.com/zchee/go-xdgbasedir/home",
    "go.uber.org/zap",
    "go.uber.org/zap/buffer",
    "go.uber.org/zap/zapcore",
    "golang.org/x/net/publicsuffix",
    "golang.org/x/oauth2",
    "golang.org/x/oauth2/google",
    "google.golang.org/api/oauth2/v2",
    "gopkg.in/yaml.v2",
  ]
  solver-name = "gps-cdcl"
  solver-version = 1
